
Microsoft Visual Studio Solution File, Format Version 12.00
# Visual Studio Version 17
VisualStudioVersion = 17.11.35208.52
MinimumVisualStudioVersion = 10.0.40219.1
Project("{FAE04EC0-301F-11D3-BF4B-00C04F79EFBC}") = "git10", "git10\git10.csproj", "{D5C2726D-AA6E-4F20-98DD-E96C97C1BF4D}"
EndProject
Global
	GlobalSection(SolutionConfigurationPlatforms) = preSolution
		Debug|Any CPU = Debug|Any CPU
		Release|Any CPU = Release|Any CPU
	EndGlobalSection
	GlobalSection(ProjectConfigurationPlatforms) = postSolution
		{D5C2726D-AA6E-4F20-98DD-E96C97C1BF4D}.Debug|Any CPU.ActiveCfg = Debug|Any CPU
		{D5C2726D-AA6E-4F20-98DD-E96C97C1BF4D}.Debug|Any CPU.Build.0 = Debug|Any CPU
		{D5C2726D-AA6E-4F20-98DD-E96C97C1BF4D}.Release|Any CPU.ActiveCfg = Release|Any CPU
		{D5C2726D-AA6E-4F20-98DD-E96C97C1BF4D}.Release|Any CPU.Build.0 = Release|Any CPU
	EndGlobalSection
	GlobalSection(SolutionProperties) = preSolution
		HideSolutionNode = FALSE
	EndGlobalSection
	GlobalSection(ExtensibilityGlobals) = postSolution
		SolutionGuid = {A5CEFF8A-645B-4C68-B4A9-96E104FA0820}
	EndGlobalSection
EndGlobal
